{
  "originHash" : "6a659b50925e805b679bc1a2a10fe4c833ddece3a7d1e3ed59b5ed4c2dbf3cd7",
  "pins" : [
    {
      "identity" : "sdl-package",
      "kind" : "remoteSourceControl",
      "location" : "https://github.com/de4me/SDL-package",
      "state" : {
        "revision" : "e36dcd48bb012ab520dd80d5d7c8945c4df3fba8",
        "version" : "1.2.15"
      }
    }
  ],
  "version" : 3
}
